<Solution>
  <Folder Name="/src/">
    <Project Path="src/DedicatedServer/DedicatedServer.csproj" />
    <Project Path="src/Orion/Orion.csproj" />
    <Project Path="src/Protocol/Protocol.csproj" />
  </Folder>
  <Folder Name="/tests/">
    <Project Path="tests/Orion.Protocol.Tests/Orion.Protocol.Tests.csproj" />
    <Project Path="tests/Orion.Session.Tests/Orion.Session.Tests.csproj" />
    <Project Path="tests/Orion.Region.Tests/Orion.Region.Tests.csproj" />
    <Project Path="tests/Orion.Scheduler.Tests/Orion.Scheduler.Tests.csproj" />
    <Project Path="tests/Orion.World.Tests/Orion.World.Tests.csproj" />
  </Folder>
</Solution>
